<?xml version="1.0" encoding="utf-8"?>
<Project ToolsVersion="4.0" xmlns="http://schemas.microsoft.com/developer/msbuild/2003">
  <ItemGroup>
    <ClInclude Include="Utils\const_string.h" />
    <ClInclude Include="Utils\CRC32.h" />
    <ClInclude Include="Utils\StringId.h" />
    <ClInclude Include="PCH\pch.h" />
    <ClInclude Include="Reflections\ArrayDescriptor.h" />
    <ClInclude Include="Reflections\Descriptor.h" />
    <ClInclude Include="Reflections\Field.h" />
    <ClInclude Include="Utils\Macros.h" />
    <ClInclude Include="Utils\StringHelper.h" />
    <ClInclude Include="RNPPBasics.h" />
    <ClInclude Include="Reflections\Instance.h" />
    <ClInclude Include="Reflections\DescriptorRegistry.h" />
    <ClInclude Include="Reflections\FieldInstance.h" />
    <ClInclude Include="Reflections\GenericDescriptor.h" />
    <ClInclude Include="Reflections\DescriptorHelper.h" />
    <ClInclude Include="Reflections\NativeDescriptor.h" />
    <ClInclude Include="Reflections\StringDescriptor.h" />
    <ClInclude Include="Reflections\VectorDescriptor.h" />
    <ClInclude Include="Reflections\DescriptorInternalImpls.h" />
    <ClInclude Include="Reflections\PairDescriptor.h" />
    <ClInclude Include="Reflections\MapDescriptor.h" />
    <ClInclude Include="Reflections\StringizableDescriptor.h" />
    <ClInclude Include="Reflections\ReflectionUser.h" />
  </ItemGroup>
  <ItemGroup>
    <ClCompile Include="Utils\const_string.cpp" />
    <ClCompile Include="Utils\StringId.cpp" />
    <ClCompile Include="PCH\pch.cpp" />
    <ClCompile Include="Reflections\ArrayDescriptor.cpp" />
    <ClCompile Include="Reflections\Descriptor.cpp" />
    <ClCompile Include="Reflections\Field.cpp" />
    <ClCompile Include="Utils\StringHelper.cpp" />
    <ClCompile Include="Reflections\Instance.cpp" />
    <ClCompile Include="Reflections\DescriptorRegistry.cpp" />
    <ClCompile Include="Reflections\FieldInstance.cpp" />
    <ClCompile Include="Reflections\GenericDescriptor.cpp" />
    <ClCompile Include="Reflections\NativeDescriptor.cpp" />
    <ClCompile Include="Reflections\StringDescriptor.cpp" />
    <ClCompile Include="Reflections\VectorDescriptor.cpp" />
    <ClCompile Include="Reflections\PairDescriptor.cpp" />
    <ClCompile Include="Reflections\MapDescriptor.cpp" />
  </ItemGroup>
</Project>